
Microsoft Visual Studio Solution File, Format Version 12.00
# Visual Studio Version 16
VisualStudioVersion = 16.0.33130.400
MinimumVisualStudioVersion = 10.0.40219.1
Project("{9A19103F-16F7-4668-BE54-9A1E7A4F7556}") = "Entities", "Entities\Entities.csproj", "{84822F8A-7320-4A65-8AC0-DF45CA96FAC4}"
EndProject
Project("{9A19103F-16F7-4668-BE54-9A1E7A4F7556}") = "DataAccess", "DataAccess\DataAccess.csproj", "{FF0689BA-84A3-49ED-9FCD-4D90314A9891}"
EndProject
Project("{9A19103F-16F7-4668-BE54-9A1E7A4F7556}") = "Core", "Core\Core.csproj", "{5D63BCA5-721A-4884-B075-5148F86B12B8}"
EndProject
Project("{FAE04EC0-301F-11D3-BF4B-00C04F79EFBC}") = "Business", "Business\Business.csproj", "{7EE83767-70B9-47AB-8B61-62B9D7727127}"
EndProject
Project("{FAE04EC0-301F-11D3-BF4B-00C04F79EFBC}") = "API", "API\API.csproj", "{BB7EE0F3-5BB9-411E-A210-06623F3907A8}"
EndProject
Global
	GlobalSection(SolutionConfigurationPlatforms) = preSolution
		Debug|Any CPU = Debug|Any CPU
		Release|Any CPU = Release|Any CPU
	EndGlobalSection
	GlobalSection(ProjectConfigurationPlatforms) = postSolution
		{84822F8A-7320-4A65-8AC0-DF45CA96FAC4}.Debug|Any CPU.ActiveCfg = Debug|Any CPU
		{84822F8A-7320-4A65-8AC0-DF45CA96FAC4}.Debug|Any CPU.Build.0 = Debug|Any CPU
		{84822F8A-7320-4A65-8AC0-DF45CA96FAC4}.Release|Any CPU.ActiveCfg = Release|Any CPU
		{84822F8A-7320-4A65-8AC0-DF45CA96FAC4}.Release|Any CPU.Build.0 = Release|Any CPU
		{FF0689BA-84A3-49ED-9FCD-4D90314A9891}.Debug|Any CPU.ActiveCfg = Debug|Any CPU
		{FF0689BA-84A3-49ED-9FCD-4D90314A9891}.Debug|Any CPU.Build.0 = Debug|Any CPU
		{FF0689BA-84A3-49ED-9FCD-4D90314A9891}.Release|Any CPU.ActiveCfg = Release|Any CPU
		{FF0689BA-84A3-49ED-9FCD-4D90314A9891}.Release|Any CPU.Build.0 = Release|Any CPU
		{5D63BCA5-721A-4884-B075-5148F86B12B8}.Debug|Any CPU.ActiveCfg = Debug|Any CPU
		{5D63BCA5-721A-4884-B075-5148F86B12B8}.Debug|Any CPU.Build.0 = Debug|Any CPU
		{5D63BCA5-721A-4884-B075-5148F86B12B8}.Release|Any CPU.ActiveCfg = Release|Any CPU
		{5D63BCA5-721A-4884-B075-5148F86B12B8}.Release|Any CPU.Build.0 = Release|Any CPU
		{7EE83767-70B9-47AB-8B61-62B9D7727127}.Debug|Any CPU.ActiveCfg = Debug|Any CPU
		{7EE83767-70B9-47AB-8B61-62B9D7727127}.Debug|Any CPU.Build.0 = Debug|Any CPU
		{7EE83767-70B9-47AB-8B61-62B9D7727127}.Release|Any CPU.ActiveCfg = Release|Any CPU
		{7EE83767-70B9-47AB-8B61-62B9D7727127}.Release|Any CPU.Build.0 = Release|Any CPU
		{BB7EE0F3-5BB9-411E-A210-06623F3907A8}.Debug|Any CPU.ActiveCfg = Debug|Any CPU
		{BB7EE0F3-5BB9-411E-A210-06623F3907A8}.Debug|Any CPU.Build.0 = Debug|Any CPU
		{BB7EE0F3-5BB9-411E-A210-06623F3907A8}.Release|Any CPU.ActiveCfg = Release|Any CPU
		{BB7EE0F3-5BB9-411E-A210-06623F3907A8}.Release|Any CPU.Build.0 = Release|Any CPU
	EndGlobalSection
	GlobalSection(SolutionProperties) = preSolution
		HideSolutionNode = FALSE
	EndGlobalSection
	GlobalSection(ExtensibilityGlobals) = postSolution
		SolutionGuid = {CBDECDE9-3209-4BB3-90E2-4ED286221BA1}
	EndGlobalSection
EndGlobal
